
Microsoft Visual Studio Solution File, Format Version 12.00
# Visual Studio Version 17
VisualStudioVersion = 17.12.35527.113 d17.12
MinimumVisualStudioVersion = 10.0.40219.1
Project("{FAE04EC0-301F-11D3-BF4B-00C04F79EFBC}") = "adv-c#1", "adv-c#1\adv-c#1.csproj", "{5E3E70F9-D946-4E74-9992-B154A713D33F}"
EndProject
Global
	GlobalSection(SolutionConfigurationPlatforms) = preSolution
		Debug|Any CPU = Debug|Any CPU
		Release|Any CPU = Release|Any CPU
	EndGlobalSection
	GlobalSection(ProjectConfigurationPlatforms) = postSolution
		{5E3E70F9-D946-4E74-9992-B154A713D33F}.Debug|Any CPU.ActiveCfg = Debug|Any CPU
		{5E3E70F9-D946-4E74-9992-B154A713D33F}.Debug|Any CPU.Build.0 = Debug|Any CPU
		{5E3E70F9-D946-4E74-9992-B154A713D33F}.Release|Any CPU.ActiveCfg = Release|Any CPU
		{5E3E70F9-D946-4E74-9992-B154A713D33F}.Release|Any CPU.Build.0 = Release|Any CPU
	EndGlobalSection
	GlobalSection(SolutionProperties) = preSolution
		HideSolutionNode = FALSE
	EndGlobalSection
EndGlobal
